
Microsoft Visual Studio Solution File, Format Version 12.00
# Visual Studio Version 17
VisualStudioVersion = 17.4.33205.214
MinimumVisualStudioVersion = 10.0.40219.1
Project("{9A19103F-16F7-4668-BE54-9A1E7A4F7556}") = "Destructor", "Destructor\Destructor.csproj", "{72F0AF39-60ED-4CD1-8C39-5C1196B6B04F}"
EndProject
Project("{FAE04EC0-301F-11D3-BF4B-00C04F79EFBC}") = "AccessModifiers", "AccessModifiers\AccessModifiers.csproj", "{37704FC0-01D7-4ABC-BB4A-47DC686FAA5A}"
EndProject
Project("{FAE04EC0-301F-11D3-BF4B-00C04F79EFBC}") = "Delegate", "Delegate\Delegate.csproj", "{B9B16F60-5A00-49DE-A785-63F7FD666B87}"
EndProject
Project("{FAE04EC0-301F-11D3-BF4B-00C04F79EFBC}") = "StructYapi", "StructYapi\StructYapi.csproj", "{8C8E27C0-BAC7-4A12-ADF7-46B22A6BED1E}"
EndProject
Global
	GlobalSection(SolutionConfigurationPlatforms) = preSolution
		Debug|Any CPU = Debug|Any CPU
		Release|Any CPU = Release|Any CPU
	EndGlobalSection
	GlobalSection(ProjectConfigurationPlatforms) = postSolution
		{72F0AF39-60ED-4CD1-8C39-5C1196B6B04F}.Debug|Any CPU.ActiveCfg = Debug|Any CPU
		{72F0AF39-60ED-4CD1-8C39-5C1196B6B04F}.Debug|Any CPU.Build.0 = Debug|Any CPU
		{72F0AF39-60ED-4CD1-8C39-5C1196B6B04F}.Release|Any CPU.ActiveCfg = Release|Any CPU
		{72F0AF39-60ED-4CD1-8C39-5C1196B6B04F}.Release|Any CPU.Build.0 = Release|Any CPU
		{37704FC0-01D7-4ABC-BB4A-47DC686FAA5A}.Debug|Any CPU.ActiveCfg = Debug|Any CPU
		{37704FC0-01D7-4ABC-BB4A-47DC686FAA5A}.Debug|Any CPU.Build.0 = Debug|Any CPU
		{37704FC0-01D7-4ABC-BB4A-47DC686FAA5A}.Release|Any CPU.ActiveCfg = Release|Any CPU
		{37704FC0-01D7-4ABC-BB4A-47DC686FAA5A}.Release|Any CPU.Build.0 = Release|Any CPU
		{B9B16F60-5A00-49DE-A785-63F7FD666B87}.Debug|Any CPU.ActiveCfg = Debug|Any CPU
		{B9B16F60-5A00-49DE-A785-63F7FD666B87}.Debug|Any CPU.Build.0 = Debug|Any CPU
		{B9B16F60-5A00-49DE-A785-63F7FD666B87}.Release|Any CPU.ActiveCfg = Release|Any CPU
		{B9B16F60-5A00-49DE-A785-63F7FD666B87}.Release|Any CPU.Build.0 = Release|Any CPU
		{8C8E27C0-BAC7-4A12-ADF7-46B22A6BED1E}.Debug|Any CPU.ActiveCfg = Debug|Any CPU
		{8C8E27C0-BAC7-4A12-ADF7-46B22A6BED1E}.Debug|Any CPU.Build.0 = Debug|Any CPU
		{8C8E27C0-BAC7-4A12-ADF7-46B22A6BED1E}.Release|Any CPU.ActiveCfg = Release|Any CPU
		{8C8E27C0-BAC7-4A12-ADF7-46B22A6BED1E}.Release|Any CPU.Build.0 = Release|Any CPU
	EndGlobalSection
	GlobalSection(SolutionProperties) = preSolution
		HideSolutionNode = FALSE
	EndGlobalSection
	GlobalSection(ExtensibilityGlobals) = postSolution
		SolutionGuid = {11687302-EAD7-4C1C-8A7D-5A68CCC3D1AD}
	EndGlobalSection
EndGlobal
